{
  "nodes": {
    "amd-xdna": {
      "inputs": {
        "nixpkgs": "nixpkgs"
      },
      "locked": {
        "lastModified": 1773433771,
        "narHash": "sha256-JDkmj1OJVF/rmw+bgox2xZAQzD6aO4nZBkigskjRNbk=",
        "ref": "refs/heads/main",
        "rev": "d4456f1f3bb977f56245d999e32fa71f5ad240ab",
        "revCount": 1,
        "type": "git",
        "url": "https://codeberg.org/tmichnicki/amd-xdna-nix"
      },
      "original": {
        "type": "git",
        "url": "https://codeberg.org/tmichnicki/amd-xdna-nix"
      }
    },
    "fastflowlm-src": {
      "flake": false,
      "locked": {
        "lastModified": 1775560136,
        "narHash": "sha256-Gq6z8YLJelMNg/Uiffz22Rqa9mDB8cznt+HlH8eOIsY=",
        "ref": "refs/heads/main",
        "rev": "6288d91156c467ab329f85d67a253b5100af2b56",
        "revCount": 1202,
        "type": "git",
        "url": "https://github.com/FastFlowLM/FastFlowLM"
      },
      "original": {
        "type": "git",
        "url": "https://github.com/FastFlowLM/FastFlowLM"
      }
    },
    "nixpkgs": {
      "locked": {
        "lastModified": 1773122722,
        "narHash": "sha256-FIqHByVqxCprNjor1NqF80F2QQoiiyqanNNefdlvOg4=",
        "owner": "NixOS",
        "repo": "nixpkgs",
        "rev": "62dc67aa6a52b4364dd75994ec00b51fbf474e50",
        "type": "github"
      },
      "original": {
        "owner": "NixOS",
        "ref": "nixos-unstable",
        "repo": "nixpkgs",
        "type": "github"
      }
    },
    "nixpkgs_2": {
      "locked": {
        "lastModified": 1773282481,
        "narHash": "sha256-b/GV2ysM8mKHhinse2wz+uP37epUrSE+sAKXy/xvBY4=",
        "owner": "NixOS",
        "repo": "nixpkgs",
        "rev": "fe416aaedd397cacb33a610b33d60ff2b431b127",
        "type": "github"
      },
      "original": {
        "owner": "NixOS",
        "ref": "nixos-unstable",
        "repo": "nixpkgs",
        "type": "github"
      }
    },
    "root": {
      "inputs": {
        "amd-xdna": "amd-xdna",
        "fastflowlm-src": "fastflowlm-src",
        "nixpkgs": "nixpkgs_2"
      }
    }
  },
  "root": "root",
  "version": 7
}
