{
  "nodes": {
    "amd-xdna": {
      "inputs": {
        "nixpkgs": "nixpkgs"
      },
      "locked": {
        "lastModified": 1778305451,
        "narHash": "sha256-gA3iDlmmV2XsuwaAooL/+5qoYXBpFMPchkUZED+iYfg=",
        "ref": "refs/heads/main",
        "rev": "34ebabd79e81ef26981e3c8ee9c49c743f5a3f0c",
        "revCount": 6,
        "type": "git",
        "url": "https://github.com/michnicki/amd-xdna-nix"
      },
      "original": {
        "type": "git",
        "url": "https://github.com/michnicki/amd-xdna-nix"
      }
    },
    "fastflowlm-src": {
      "flake": false,
      "locked": {
        "lastModified": 1783827272,
        "narHash": "sha256-BPMfC510vcuKS03CUQ5IsCDEt3tyB/MaW9A1u/yshqw=",
        "ref": "refs/heads/main",
        "rev": "aca6bef1cff716640d3042b8da259bf9697f90e1",
        "revCount": 1470,
        "type": "git",
        "url": "https://github.com/FastFlowLM/FastFlowLM"
      },
      "original": {
        "type": "git",
        "url": "https://github.com/FastFlowLM/FastFlowLM"
      }
    },
    "nixpkgs": {
      "locked": {
        "lastModified": 1775423009,
        "narHash": "sha256-vPKLpjhIVWdDrfiUM8atW6YkIggCEKdSAlJPzzhkQlw=",
        "owner": "NixOS",
        "repo": "nixpkgs",
        "rev": "68d8aa3d661f0e6bd5862291b5bb263b2a6595c9",
        "type": "github"
      },
      "original": {
        "owner": "NixOS",
        "ref": "nixos-unstable",
        "repo": "nixpkgs",
        "type": "github"
      }
    },
    "nixpkgs_2": {
      "locked": {
        "lastModified": 1783776592,
        "narHash": "sha256-UgCQzxeWI75XM8G+hPrPh+MKzEPjG3SpAj7dtqSbksA=",
        "owner": "NixOS",
        "repo": "nixpkgs",
        "rev": "e7a3ca8092b61ff85b6a45bf863ea2b2d6a661b3",
        "type": "github"
      },
      "original": {
        "owner": "NixOS",
        "ref": "nixos-unstable",
        "repo": "nixpkgs",
        "type": "github"
      }
    },
    "root": {
      "inputs": {
        "amd-xdna": "amd-xdna",
        "fastflowlm-src": "fastflowlm-src",
        "nixpkgs": "nixpkgs_2"
      }
    }
  },
  "root": "root",
  "version": 7
}
