{
  "nodes": {
    "amd-xdna": {
      "inputs": {
        "nixpkgs": "nixpkgs"
      },
      "locked": {
        "lastModified": 1778305451,
        "narHash": "sha256-gA3iDlmmV2XsuwaAooL/+5qoYXBpFMPchkUZED+iYfg=",
        "ref": "refs/heads/main",
        "rev": "34ebabd79e81ef26981e3c8ee9c49c743f5a3f0c",
        "revCount": 6,
        "type": "git",
        "url": "https://github.com/michnicki/amd-xdna-nix"
      },
      "original": {
        "type": "git",
        "url": "https://github.com/michnicki/amd-xdna-nix"
      }
    },
    "fastflowlm-src": {
      "flake": false,
      "locked": {
        "lastModified": 1790724574,
        "narHash": "sha256-1toIh1vCNIWcKOIPmqn4WXxlg5YbSDwIKCRiGg+fiz8=",
        "ref": "refs/heads/main",
        "rev": "b8ff52f0c1839e5708bd7085eb6bb6aff042a70a",
        "revCount": 1797,
        "type": "git",
        "url": "https://github.com/ROCm/FastFlowLM"
      },
      "original": {
        "type": "git",
        "url": "https://github.com/ROCm/FastFlowLM"
      }
    },
    "nixpkgs": {
      "locked": {
        "lastModified": 1775423009,
        "narHash": "sha256-vPKLpjhIVWdDrfiUM8atW6YkIggCEKdSAlJPzzhkQlw=",
        "owner": "NixOS",
        "repo": "nixpkgs",
        "rev": "68d8aa3d661f0e6bd5862291b5bb263b2a6595c9",
        "type": "github"
      },
      "original": {
        "owner": "NixOS",
        "ref": "nixos-unstable",
        "repo": "nixpkgs",
        "type": "github"
      }
    },
    "nixpkgs_2": {
      "locked": {
        "lastModified": 1790689126,
        "narHash": "sha256-ilerN1WLSvF+HMjziC/Wv99J5y02maDH+6hZPwsORKg=",
        "owner": "NixOS",
        "repo": "nixpkgs",
        "rev": "b4fd65b198c599cbe814fcb9f42d25d021595ec9",
        "type": "github"
      },
      "original": {
        "owner": "NixOS",
        "ref": "nixos-unstable",
        "repo": "nixpkgs",
        "type": "github"
      }
    },
    "root": {
      "inputs": {
        "amd-xdna": "amd-xdna",
        "fastflowlm-src": "fastflowlm-src",
        "nixpkgs": "nixpkgs_2"
      }
    }
  },
  "root": "root",
  "version": 7
}
